
Microsoft Visual Studio Solution File, Format Version 12.00
# Visual Studio Version 17
VisualStudioVersion = 17.12.35527.113
MinimumVisualStudioVersion = 10.0.40219.1
Project("{FAE04EC0-301F-11D3-BF4B-00C04F79EFBC}") = "Bloggie.Web", "Bloggie.Web\Bloggie.Web.csproj", "{AAFFA2C2-D36A-4742-AE6B-5FE88B8D8E96}"
EndProject
Global
	GlobalSection(SolutionConfigurationPlatforms) = preSolution
		Debug|Any CPU = Debug|Any CPU
		Release|Any CPU = Release|Any CPU
	EndGlobalSection
	GlobalSection(ProjectConfigurationPlatforms) = postSolution
		{AAFFA2C2-D36A-4742-AE6B-5FE88B8D8E96}.Debug|Any CPU.ActiveCfg = Debug|Any CPU
		{AAFFA2C2-D36A-4742-AE6B-5FE88B8D8E96}.Debug|Any CPU.Build.0 = Debug|Any CPU
		{AAFFA2C2-D36A-4742-AE6B-5FE88B8D8E96}.Release|Any CPU.ActiveCfg = Release|Any CPU
		{AAFFA2C2-D36A-4742-AE6B-5FE88B8D8E96}.Release|Any CPU.Build.0 = Release|Any CPU
	EndGlobalSection
	GlobalSection(SolutionProperties) = preSolution
		HideSolutionNode = FALSE
	EndGlobalSection
EndGlobal
